
Microsoft Visual Studio Solution File, Format Version 12.00
# Visual Studio Version 17
VisualStudioVersion = 17.4.33213.308
MinimumVisualStudioVersion = 10.0.40219.1
Project("{FAE04EC0-301F-11D3-BF4B-00C04F79EFBC}") = "Traidotnetcoreappdelete", "Traidotnetcoreappdelete\Traidotnetcoreappdelete.csproj", "{7CD9D93B-6BCD-49FB-B129-0833CBF46842}"
EndProject
Global
	GlobalSection(SolutionConfigurationPlatforms) = preSolution
		Debug|Any CPU = Debug|Any CPU
		Release|Any CPU = Release|Any CPU
	EndGlobalSection
	GlobalSection(ProjectConfigurationPlatforms) = postSolution
		{7CD9D93B-6BCD-49FB-B129-0833CBF46842}.Debug|Any CPU.ActiveCfg = Debug|Any CPU
		{7CD9D93B-6BCD-49FB-B129-0833CBF46842}.Debug|Any CPU.Build.0 = Debug|Any CPU
		{7CD9D93B-6BCD-49FB-B129-0833CBF46842}.Release|Any CPU.ActiveCfg = Release|Any CPU
		{7CD9D93B-6BCD-49FB-B129-0833CBF46842}.Release|Any CPU.Build.0 = Release|Any CPU
	EndGlobalSection
	GlobalSection(SolutionProperties) = preSolution
		HideSolutionNode = FALSE
	EndGlobalSection
	GlobalSection(ExtensibilityGlobals) = postSolution
		SolutionGuid = {4315CAE0-F05B-43A2-A442-E59D2B265A58}
	EndGlobalSection
EndGlobal
